
Microsoft Visual Studio Solution File, Format Version 12.00
# Visual Studio 14
VisualStudioVersion = 14.0.25123.0
MinimumVisualStudioVersion = 10.0.40219.1
Project("{8BC9CEB8-8B4A-11D0-8D11-00A0C91BC942}") = "Graphics", "Graphics.vcxproj", "{62F23E81-192E-4FD9-9E63-92D501EC3A37}"
EndProject
Project("{8BC9CEB8-8B4A-11D0-8D11-00A0C91BC942}") = "01-HelloTriangle", "test\01-HelloTriangle\01-HelloTriangle.vcxproj", "{3394AB56-7C6F-4BFA-8D5B-8BF91A0D37D7}"
	ProjectSection(ProjectDependencies) = postProject
		{62F23E81-192E-4FD9-9E63-92D501EC3A37} = {62F23E81-192E-4FD9-9E63-92D501EC3A37}
	EndProjectSection
EndProject
Project("{8BC9CEB8-8B4A-11D0-8D11-00A0C91BC942}") = "02-UniTex", "test\02-UniTex\02-UniTex.vcxproj", "{E094E1F2-2EE3-4FCB-822D-CADC7636ABD7}"
	ProjectSection(ProjectDependencies) = postProject
		{62F23E81-192E-4FD9-9E63-92D501EC3A37} = {62F23E81-192E-4FD9-9E63-92D501EC3A37}
	EndProjectSection
EndProject
Project("{8BC9CEB8-8B4A-11D0-8D11-00A0C91BC942}") = "03-tdraw", "test\03-tdraw\03-tdraw.vcxproj", "{7D361051-AA86-4296-8EC7-BDF3EA9867C9}"
	ProjectSection(ProjectDependencies) = postProject
		{62F23E81-192E-4FD9-9E63-92D501EC3A37} = {62F23E81-192E-4FD9-9E63-92D501EC3A37}
	EndProjectSection
EndProject
Project("{8BC9CEB8-8B4A-11D0-8D11-00A0C91BC942}") = "04-FromDisk", "test\04-FromDisk\04-FromDisk.vcxproj", "{49EDCA99-EB92-4752-9AB2-90978984F3AF}"
	ProjectSection(ProjectDependencies) = postProject
		{62F23E81-192E-4FD9-9E63-92D501EC3A37} = {62F23E81-192E-4FD9-9E63-92D501EC3A37}
	EndProjectSection
EndProject
Project("{8BC9CEB8-8B4A-11D0-8D11-00A0C91BC942}") = "shaders", "resources\shaders\shaders.vcxproj", "{68AB8911-7C29-4772-9284-DC73CBC804CC}"
EndProject
Project("{8BC9CEB8-8B4A-11D0-8D11-00A0C91BC942}") = "05-MVP", "test\05-MVP\05-MVP.vcxproj", "{ECF3BC58-EB30-4B7D-B0FF-799D4D2C2D25}"
	ProjectSection(ProjectDependencies) = postProject
		{62F23E81-192E-4FD9-9E63-92D501EC3A37} = {62F23E81-192E-4FD9-9E63-92D501EC3A37}
	EndProjectSection
EndProject
Project("{8BC9CEB8-8B4A-11D0-8D11-00A0C91BC942}") = "06-Lights", "test\06-Lights\06-Lights.vcxproj", "{EB1D149A-D50D-4D76-83E3-84118C478780}"
	ProjectSection(ProjectDependencies) = postProject
		{62F23E81-192E-4FD9-9E63-92D501EC3A37} = {62F23E81-192E-4FD9-9E63-92D501EC3A37}
	EndProjectSection
EndProject
Project("{8BC9CEB8-8B4A-11D0-8D11-00A0C91BC942}") = "07-Materials", "test\07-Materials\07-Materials.vcxproj", "{CBB50AB5-A1B0-4223-A407-03A0E6C4F90D}"
	ProjectSection(ProjectDependencies) = postProject
		{62F23E81-192E-4FD9-9E63-92D501EC3A37} = {62F23E81-192E-4FD9-9E63-92D501EC3A37}
	EndProjectSection
EndProject
Project("{8BC9CEB8-8B4A-11D0-8D11-00A0C91BC942}") = "09-Shadows", "test\09-Shadows\09-Shadows.vcxproj", "{3F98CB0D-B55A-4D04-B0D9-C175177D50CD}"
	ProjectSection(ProjectDependencies) = postProject
		{62F23E81-192E-4FD9-9E63-92D501EC3A37} = {62F23E81-192E-4FD9-9E63-92D501EC3A37}
	EndProjectSection
EndProject
Project("{8BC9CEB8-8B4A-11D0-8D11-00A0C91BC942}") = "10-Deferred", "test\10-Deferred\10-Deferred.vcxproj", "{59714E2B-451E-44EB-841D-E582508EC58D}"
	ProjectSection(ProjectDependencies) = postProject
		{62F23E81-192E-4FD9-9E63-92D501EC3A37} = {62F23E81-192E-4FD9-9E63-92D501EC3A37}
	EndProjectSection
EndProject
Project("{8BC9CEB8-8B4A-11D0-8D11-00A0C91BC942}") = "AssessmentProject", "test\AssessmentProject\AssessmentProject.vcxproj", "{AEEEFA76-0947-4579-8CAC-9B2D6918C6E3}"
	ProjectSection(ProjectDependencies) = postProject
		{68AB8911-7C29-4772-9284-DC73CBC804CC} = {68AB8911-7C29-4772-9284-DC73CBC804CC}
		{62F23E81-192E-4FD9-9E63-92D501EC3A37} = {62F23E81-192E-4FD9-9E63-92D501EC3A37}
	EndProjectSection
EndProject
Global
	GlobalSection(SolutionConfigurationPlatforms) = preSolution
		Debug|Any CPU = Debug|Any CPU
		Debug|x64 = Debug|x64
		Debug|x86 = Debug|x86
		Release|Any CPU = Release|Any CPU
		Release|x64 = Release|x64
		Release|x86 = Release|x86
	EndGlobalSection
	GlobalSection(ProjectConfigurationPlatforms) = postSolution
		{62F23E81-192E-4FD9-9E63-92D501EC3A37}.Debug|Any CPU.ActiveCfg = Debug|Win32
		{62F23E81-192E-4FD9-9E63-92D501EC3A37}.Debug|x64.ActiveCfg = Debug|x64
		{62F23E81-192E-4FD9-9E63-92D501EC3A37}.Debug|x64.Build.0 = Debug|x64
		{62F23E81-192E-4FD9-9E63-92D501EC3A37}.Debug|x86.ActiveCfg = Debug|Win32
		{62F23E81-192E-4FD9-9E63-92D501EC3A37}.Debug|x86.Build.0 = Debug|Win32
		{62F23E81-192E-4FD9-9E63-92D501EC3A37}.Release|Any CPU.ActiveCfg = Release|Win32
		{62F23E81-192E-4FD9-9E63-92D501EC3A37}.Release|x64.ActiveCfg = Release|x64
		{62F23E81-192E-4FD9-9E63-92D501EC3A37}.Release|x64.Build.0 = Release|x64
		{62F23E81-192E-4FD9-9E63-92D501EC3A37}.Release|x86.ActiveCfg = Release|Win32
		{62F23E81-192E-4FD9-9E63-92D501EC3A37}.Release|x86.Build.0 = Release|Win32
		{3394AB56-7C6F-4BFA-8D5B-8BF91A0D37D7}.Debug|Any CPU.ActiveCfg = Debug|Win32
		{3394AB56-7C6F-4BFA-8D5B-8BF91A0D37D7}.Debug|x64.ActiveCfg = Debug|x64
		{3394AB56-7C6F-4BFA-8D5B-8BF91A0D37D7}.Debug|x64.Build.0 = Debug|x64
		{3394AB56-7C6F-4BFA-8D5B-8BF91A0D37D7}.Debug|x86.ActiveCfg = Debug|Win32
		{3394AB56-7C6F-4BFA-8D5B-8BF91A0D37D7}.Debug|x86.Build.0 = Debug|Win32
		{3394AB56-7C6F-4BFA-8D5B-8BF91A0D37D7}.Release|Any CPU.ActiveCfg = Release|Win32
		{3394AB56-7C6F-4BFA-8D5B-8BF91A0D37D7}.Release|x64.ActiveCfg = Release|x64
		{3394AB56-7C6F-4BFA-8D5B-8BF91A0D37D7}.Release|x64.Build.0 = Release|x64
		{3394AB56-7C6F-4BFA-8D5B-8BF91A0D37D7}.Release|x86.ActiveCfg = Release|Win32
		{3394AB56-7C6F-4BFA-8D5B-8BF91A0D37D7}.Release|x86.Build.0 = Release|Win32
		{E094E1F2-2EE3-4FCB-822D-CADC7636ABD7}.Debug|Any CPU.ActiveCfg = Debug|Win32
		{E094E1F2-2EE3-4FCB-822D-CADC7636ABD7}.Debug|x64.ActiveCfg = Debug|x64
		{E094E1F2-2EE3-4FCB-822D-CADC7636ABD7}.Debug|x64.Build.0 = Debug|x64
		{E094E1F2-2EE3-4FCB-822D-CADC7636ABD7}.Debug|x86.ActiveCfg = Debug|Win32
		{E094E1F2-2EE3-4FCB-822D-CADC7636ABD7}.Debug|x86.Build.0 = Debug|Win32
		{E094E1F2-2EE3-4FCB-822D-CADC7636ABD7}.Release|Any CPU.ActiveCfg = Release|Win32
		{E094E1F2-2EE3-4FCB-822D-CADC7636ABD7}.Release|x64.ActiveCfg = Release|x64
		{E094E1F2-2EE3-4FCB-822D-CADC7636ABD7}.Release|x64.Build.0 = Release|x64
		{E094E1F2-2EE3-4FCB-822D-CADC7636ABD7}.Release|x86.ActiveCfg = Release|Win32
		{E094E1F2-2EE3-4FCB-822D-CADC7636ABD7}.Release|x86.Build.0 = Release|Win32
		{7D361051-AA86-4296-8EC7-BDF3EA9867C9}.Debug|Any CPU.ActiveCfg = Debug|Win32
		{7D361051-AA86-4296-8EC7-BDF3EA9867C9}.Debug|x64.ActiveCfg = Debug|x64
		{7D361051-AA86-4296-8EC7-BDF3EA9867C9}.Debug|x64.Build.0 = Debug|x64
		{7D361051-AA86-4296-8EC7-BDF3EA9867C9}.Debug|x86.ActiveCfg = Debug|Win32
		{7D361051-AA86-4296-8EC7-BDF3EA9867C9}.Debug|x86.Build.0 = Debug|Win32
		{7D361051-AA86-4296-8EC7-BDF3EA9867C9}.Release|Any CPU.ActiveCfg = Release|Win32
		{7D361051-AA86-4296-8EC7-BDF3EA9867C9}.Release|x64.ActiveCfg = Release|x64
		{7D361051-AA86-4296-8EC7-BDF3EA9867C9}.Release|x64.Build.0 = Release|x64
		{7D361051-AA86-4296-8EC7-BDF3EA9867C9}.Release|x86.ActiveCfg = Release|Win32
		{7D361051-AA86-4296-8EC7-BDF3EA9867C9}.Release|x86.Build.0 = Release|Win32
		{49EDCA99-EB92-4752-9AB2-90978984F3AF}.Debug|Any CPU.ActiveCfg = Debug|Win32
		{49EDCA99-EB92-4752-9AB2-90978984F3AF}.Debug|x64.ActiveCfg = Debug|x64
		{49EDCA99-EB92-4752-9AB2-90978984F3AF}.Debug|x64.Build.0 = Debug|x64
		{49EDCA99-EB92-4752-9AB2-90978984F3AF}.Debug|x86.ActiveCfg = Debug|Win32
		{49EDCA99-EB92-4752-9AB2-90978984F3AF}.Debug|x86.Build.0 = Debug|Win32
		{49EDCA99-EB92-4752-9AB2-90978984F3AF}.Release|Any CPU.ActiveCfg = Release|Win32
		{49EDCA99-EB92-4752-9AB2-90978984F3AF}.Release|x64.ActiveCfg = Release|x64
		{49EDCA99-EB92-4752-9AB2-90978984F3AF}.Release|x64.Build.0 = Release|x64
		{49EDCA99-EB92-4752-9AB2-90978984F3AF}.Release|x86.ActiveCfg = Release|Win32
		{49EDCA99-EB92-4752-9AB2-90978984F3AF}.Release|x86.Build.0 = Release|Win32
		{68AB8911-7C29-4772-9284-DC73CBC804CC}.Debug|Any CPU.ActiveCfg = Debug|Win32
		{68AB8911-7C29-4772-9284-DC73CBC804CC}.Debug|x64.ActiveCfg = Debug|x64
		{68AB8911-7C29-4772-9284-DC73CBC804CC}.Debug|x64.Build.0 = Debug|x64
		{68AB8911-7C29-4772-9284-DC73CBC804CC}.Debug|x86.ActiveCfg = Debug|Win32
		{68AB8911-7C29-4772-9284-DC73CBC804CC}.Debug|x86.Build.0 = Debug|Win32
		{68AB8911-7C29-4772-9284-DC73CBC804CC}.Release|Any CPU.ActiveCfg = Release|Win32
		{68AB8911-7C29-4772-9284-DC73CBC804CC}.Release|x64.ActiveCfg = Release|x64
		{68AB8911-7C29-4772-9284-DC73CBC804CC}.Release|x64.Build.0 = Release|x64
		{68AB8911-7C29-4772-9284-DC73CBC804CC}.Release|x86.ActiveCfg = Release|Win32
		{68AB8911-7C29-4772-9284-DC73CBC804CC}.Release|x86.Build.0 = Release|Win32
		{ECF3BC58-EB30-4B7D-B0FF-799D4D2C2D25}.Debug|Any CPU.ActiveCfg = Debug|Win32
		{ECF3BC58-EB30-4B7D-B0FF-799D4D2C2D25}.Debug|x64.ActiveCfg = Debug|x64
		{ECF3BC58-EB30-4B7D-B0FF-799D4D2C2D25}.Debug|x64.Build.0 = Debug|x64
		{ECF3BC58-EB30-4B7D-B0FF-799D4D2C2D25}.Debug|x86.ActiveCfg = Debug|Win32
		{ECF3BC58-EB30-4B7D-B0FF-799D4D2C2D25}.Debug|x86.Build.0 = Debug|Win32
		{ECF3BC58-EB30-4B7D-B0FF-799D4D2C2D25}.Release|Any CPU.ActiveCfg = Release|Win32
		{ECF3BC58-EB30-4B7D-B0FF-799D4D2C2D25}.Release|x64.ActiveCfg = Release|x64
		{ECF3BC58-EB30-4B7D-B0FF-799D4D2C2D25}.Release|x64.Build.0 = Release|x64
		{ECF3BC58-EB30-4B7D-B0FF-799D4D2C2D25}.Release|x86.ActiveCfg = Release|Win32
		{ECF3BC58-EB30-4B7D-B0FF-799D4D2C2D25}.Release|x86.Build.0 = Release|Win32
		{EB1D149A-D50D-4D76-83E3-84118C478780}.Debug|Any CPU.ActiveCfg = Debug|Win32
		{EB1D149A-D50D-4D76-83E3-84118C478780}.Debug|x64.ActiveCfg = Debug|x64
		{EB1D149A-D50D-4D76-83E3-84118C478780}.Debug|x64.Build.0 = Debug|x64
		{EB1D149A-D50D-4D76-83E3-84118C478780}.Debug|x86.ActiveCfg = Debug|Win32
		{EB1D149A-D50D-4D76-83E3-84118C478780}.Debug|x86.Build.0 = Debug|Win32
		{EB1D149A-D50D-4D76-83E3-84118C478780}.Release|Any CPU.ActiveCfg = Release|Win32
		{EB1D149A-D50D-4D76-83E3-84118C478780}.Release|x64.ActiveCfg = Release|x64
		{EB1D149A-D50D-4D76-83E3-84118C478780}.Release|x64.Build.0 = Release|x64
		{EB1D149A-D50D-4D76-83E3-84118C478780}.Release|x86.ActiveCfg = Release|Win32
		{EB1D149A-D50D-4D76-83E3-84118C478780}.Release|x86.Build.0 = Release|Win32
		{CBB50AB5-A1B0-4223-A407-03A0E6C4F90D}.Debug|Any CPU.ActiveCfg = Debug|Win32
		{CBB50AB5-A1B0-4223-A407-03A0E6C4F90D}.Debug|x64.ActiveCfg = Debug|x64
		{CBB50AB5-A1B0-4223-A407-03A0E6C4F90D}.Debug|x64.Build.0 = Debug|x64
		{CBB50AB5-A1B0-4223-A407-03A0E6C4F90D}.Debug|x86.ActiveCfg = Debug|Win32
		{CBB50AB5-A1B0-4223-A407-03A0E6C4F90D}.Debug|x86.Build.0 = Debug|Win32
		{CBB50AB5-A1B0-4223-A407-03A0E6C4F90D}.Release|Any CPU.ActiveCfg = Release|Win32
		{CBB50AB5-A1B0-4223-A407-03A0E6C4F90D}.Release|x64.ActiveCfg = Release|x64
		{CBB50AB5-A1B0-4223-A407-03A0E6C4F90D}.Release|x64.Build.0 = Release|x64
		{CBB50AB5-A1B0-4223-A407-03A0E6C4F90D}.Release|x86.ActiveCfg = Release|Win32
		{CBB50AB5-A1B0-4223-A407-03A0E6C4F90D}.Release|x86.Build.0 = Release|Win32
		{3F98CB0D-B55A-4D04-B0D9-C175177D50CD}.Debug|Any CPU.ActiveCfg = Debug|Win32
		{3F98CB0D-B55A-4D04-B0D9-C175177D50CD}.Debug|x64.ActiveCfg = Debug|x64
		{3F98CB0D-B55A-4D04-B0D9-C175177D50CD}.Debug|x64.Build.0 = Debug|x64
		{3F98CB0D-B55A-4D04-B0D9-C175177D50CD}.Debug|x86.ActiveCfg = Debug|Win32
		{3F98CB0D-B55A-4D04-B0D9-C175177D50CD}.Debug|x86.Build.0 = Debug|Win32
		{3F98CB0D-B55A-4D04-B0D9-C175177D50CD}.Release|Any CPU.ActiveCfg = Release|Win32
		{3F98CB0D-B55A-4D04-B0D9-C175177D50CD}.Release|x64.ActiveCfg = Release|x64
		{3F98CB0D-B55A-4D04-B0D9-C175177D50CD}.Release|x64.Build.0 = Release|x64
		{3F98CB0D-B55A-4D04-B0D9-C175177D50CD}.Release|x86.ActiveCfg = Release|Win32
		{3F98CB0D-B55A-4D04-B0D9-C175177D50CD}.Release|x86.Build.0 = Release|Win32
		{59714E2B-451E-44EB-841D-E582508EC58D}.Debug|Any CPU.ActiveCfg = Debug|Win32
		{59714E2B-451E-44EB-841D-E582508EC58D}.Debug|x64.ActiveCfg = Debug|x64
		{59714E2B-451E-44EB-841D-E582508EC58D}.Debug|x64.Build.0 = Debug|x64
		{59714E2B-451E-44EB-841D-E582508EC58D}.Debug|x86.ActiveCfg = Debug|Win32
		{59714E2B-451E-44EB-841D-E582508EC58D}.Debug|x86.Build.0 = Debug|Win32
		{59714E2B-451E-44EB-841D-E582508EC58D}.Release|Any CPU.ActiveCfg = Release|Win32
		{59714E2B-451E-44EB-841D-E582508EC58D}.Release|x64.ActiveCfg = Release|x64
		{59714E2B-451E-44EB-841D-E582508EC58D}.Release|x64.Build.0 = Release|x64
		{59714E2B-451E-44EB-841D-E582508EC58D}.Release|x86.ActiveCfg = Release|Win32
		{59714E2B-451E-44EB-841D-E582508EC58D}.Release|x86.Build.0 = Release|Win32
		{AEEEFA76-0947-4579-8CAC-9B2D6918C6E3}.Debug|Any CPU.ActiveCfg = Debug|Win32
		{AEEEFA76-0947-4579-8CAC-9B2D6918C6E3}.Debug|x64.ActiveCfg = Debug|x64
		{AEEEFA76-0947-4579-8CAC-9B2D6918C6E3}.Debug|x64.Build.0 = Debug|x64
		{AEEEFA76-0947-4579-8CAC-9B2D6918C6E3}.Debug|x86.ActiveCfg = Debug|Win32
		{AEEEFA76-0947-4579-8CAC-9B2D6918C6E3}.Debug|x86.Build.0 = Debug|Win32
		{AEEEFA76-0947-4579-8CAC-9B2D6918C6E3}.Release|Any CPU.ActiveCfg = Release|Win32
		{AEEEFA76-0947-4579-8CAC-9B2D6918C6E3}.Release|x64.ActiveCfg = Release|x64
		{AEEEFA76-0947-4579-8CAC-9B2D6918C6E3}.Release|x64.Build.0 = Release|x64
		{AEEEFA76-0947-4579-8CAC-9B2D6918C6E3}.Release|x86.ActiveCfg = Release|Win32
		{AEEEFA76-0947-4579-8CAC-9B2D6918C6E3}.Release|x86.Build.0 = Release|Win32
	EndGlobalSection
	GlobalSection(SolutionProperties) = preSolution
		HideSolutionNode = FALSE
	EndGlobalSection
EndGlobal
